
Microsoft Visual Studio Solution File, Format Version 12.00
# Visual Studio 15
VisualStudioVersion = 15.0.28010.2050
MinimumVisualStudioVersion = 10.0.40219.1
Project("{FAE04EC0-301F-11D3-BF4B-00C04F79EFBC}") = "QGEP.Web", "QGEP.Web\QGEP.Web.csproj", "{EEEC6903-402A-4E69-BE8E-0DF132C5A64D}"
EndProject
Global
	GlobalSection(SolutionConfigurationPlatforms) = preSolution
		Debug|Any CPU = Debug|Any CPU
		Release|Any CPU = Release|Any CPU
	EndGlobalSection
	GlobalSection(ProjectConfigurationPlatforms) = postSolution
		{EEEC6903-402A-4E69-BE8E-0DF132C5A64D}.Debug|Any CPU.ActiveCfg = Debug|Any CPU
		{EEEC6903-402A-4E69-BE8E-0DF132C5A64D}.Debug|Any CPU.Build.0 = Debug|Any CPU
		{EEEC6903-402A-4E69-BE8E-0DF132C5A64D}.Release|Any CPU.ActiveCfg = Release|Any CPU
		{EEEC6903-402A-4E69-BE8E-0DF132C5A64D}.Release|Any CPU.Build.0 = Release|Any CPU
	EndGlobalSection
	GlobalSection(SolutionProperties) = preSolution
		HideSolutionNode = FALSE
	EndGlobalSection
	GlobalSection(ExtensibilityGlobals) = postSolution
		SolutionGuid = {262B19AF-B54F-4C8E-8225-349F376E1D60}
	EndGlobalSection
EndGlobal
